<?xml version="1.0" encoding="utf-8"?>
<Project ToolsVersion="4.0" xmlns="http://schemas.microsoft.com/developer/msbuild/2003">
  <ItemGroup>
    <Filter Include="Source Files">
      <UniqueIdentifier>{4FC737F1-C7A5-4376-A066-2A32D752A2FF}</UniqueIdentifier>
      <Extensions>cpp;c;cc;cxx;def;odl;idl;hpj;bat;asm;asmx</Extensions>
    </Filter>
    <Filter Include="Header Files">
      <UniqueIdentifier>{93995380-89BD-4b04-88EB-625FBE52EBFB}</UniqueIdentifier>
      <Extensions>h;hh;hpp;hxx;hm;inl;inc;xsd</Extensions>
    </Filter>
    <Filter Include="Resource Files">
      <UniqueIdentifier>{67DA6AB6-F800-4c08-8B7A-83BB121AAD01}</UniqueIdentifier>
      <Extensions>rc;ico;cur;bmp;dlg;rc2;rct;bin;rgs;gif;jpg;jpeg;jpe;resx;tiff;tif;png;wav;mfcribbon-ms</Extensions>
    </Filter>
    <Filter Include="minirtl">
      <UniqueIdentifier>{2f4e4843-4b3c-4e51-bf4e-27cd8e8dc260}</UniqueIdentifier>
    </Filter>
    <Filter Include="Fuzz">
      <UniqueIdentifier>{f6213d23-109a-434d-b79e-332e95484d62}</UniqueIdentifier>
    </Filter>
    <Filter Include="Blacklist">
      <UniqueIdentifier>{3f8772b7-faa0-4827-b199-2ef220adc2e0}</UniqueIdentifier>
    </Filter>
    <Filter Include="Logger">
      <UniqueIdentifier>{f34dea7e-67c7-414d-a0bc-2369125b8d61}</UniqueIdentifier>
    </Filter>
  </ItemGroup>
  <ItemGroup>
    <ClCompile Include="main.c">
      <Filter>Source Files</Filter>
    </ClCompile>
    <ClCompile Include="sup.c">
      <Filter>Source Files</Filter>
    </ClCompile>
    <ClCompile Include="minirtl\_filename.c">
      <Filter>minirtl</Filter>
    </ClCompile>
    <ClCompile Include="minirtl\_strcat.c">
      <Filter>minirtl</Filter>
    </ClCompile>
    <ClCompile Include="minirtl\_strcmp.c">
      <Filter>minirtl</Filter>
    </ClCompile>
    <ClCompile Include="minirtl\_strcmpi.c">
      <Filter>minirtl</Filter>
    </ClCompile>
    <ClCompile Include="minirtl\_strcpy.c">
      <Filter>minirtl</Filter>
    </ClCompile>
    <ClCompile Include="minirtl\_strend.c">
      <Filter>minirtl</Filter>
    </ClCompile>
    <ClCompile Include="minirtl\_strlen.c">
      <Filter>minirtl</Filter>
    </ClCompile>
    <ClCompile Include="minirtl\_strncpy.c">
      <Filter>minirtl</Filter>
    </ClCompile>
    <ClCompile Include="minirtl\cmdline.c">
      <Filter>minirtl</Filter>
    </ClCompile>
    <ClCompile Include="minirtl\strtoul.c">
      <Filter>minirtl</Filter>
    </ClCompile>
    <ClCompile Include="minirtl\ultostr.c">
      <Filter>minirtl</Filter>
    </ClCompile>
    <ClCompile Include="minirtl\_strstr.c">
      <Filter>minirtl</Filter>
    </ClCompile>
    <ClCompile Include="minirtl\strtou64.c">
      <Filter>minirtl</Filter>
    </ClCompile>
    <ClCompile Include="fuzz_param.c">
      <Filter>Fuzz</Filter>
    </ClCompile>
    <ClCompile Include="fuzz.c">
      <Filter>Fuzz</Filter>
    </ClCompile>
    <ClCompile Include="blacklist.c">
      <Filter>Blacklist</Filter>
    </ClCompile>
    <ClCompile Include="log.c">
      <Filter>Logger</Filter>
    </ClCompile>
  </ItemGroup>
  <ItemGroup>
    <ClInclude Include="ntos.h">
      <Filter>Header Files</Filter>
    </ClInclude>
    <ClInclude Include="sup.h">
      <Filter>Header Files</Filter>
    </ClInclude>
    <ClInclude Include="resource.h">
      <Filter>Header Files</Filter>
    </ClInclude>
    <ClInclude Include="minirtl\minirtl.h">
      <Filter>minirtl</Filter>
    </ClInclude>
    <ClInclude Include="minirtl\rtltypes.h">
      <Filter>minirtl</Filter>
    </ClInclude>
    <ClInclude Include="minirtl\_filename.h">
      <Filter>minirtl</Filter>
    </ClInclude>
    <ClInclude Include="minirtl\cmdline.h">
      <Filter>minirtl</Filter>
    </ClInclude>
    <ClInclude Include="global.h">
      <Filter>Header Files</Filter>
    </ClInclude>
    <ClInclude Include="fuzz_data.h">
      <Filter>Fuzz</Filter>
    </ClInclude>
    <ClInclude Include="fuzz.h">
      <Filter>Fuzz</Filter>
    </ClInclude>
    <ClInclude Include="blacklist.h">
      <Filter>Blacklist</Filter>
    </ClInclude>
    <ClInclude Include="log.h">
      <Filter>Logger</Filter>
    </ClInclude>
  </ItemGroup>
  <ItemGroup>
    <ResourceCompile Include="resource.rc">
      <Filter>Resource Files</Filter>
    </ResourceCompile>
  </ItemGroup>
  <ItemGroup>
    <MASM Include="syscall.asm">
      <Filter>Fuzz</Filter>
    </MASM>
  </ItemGroup>
</Project>